
Microsoft Visual Studio Solution File, Format Version 12.00
# Visual Studio Version 16
VisualStudioVersion = 16.0.31004.235
MinimumVisualStudioVersion = 10.0.40219.1
Project("{FAE04EC0-301F-11D3-BF4B-00C04F79EFBC}") = "Quay", "src/Quay.csproj", "{D93BF478-999A-4D19-9CFE-34F764F49A19}"
EndProject
Global
	GlobalSection(SolutionConfigurationPlatforms) = preSolution
		Debug|Any CPU = Debug|Any CPU
		Release|Any CPU = Release|Any CPU
	EndGlobalSection
	GlobalSection(ProjectConfigurationPlatforms) = postSolution
		{D93BF478-999A-4D19-9CFE-34F764F49A19}.Debug|Any CPU.ActiveCfg = Debug|Any CPU
		{D93BF478-999A-4D19-9CFE-34F764F49A19}.Debug|Any CPU.Build.0 = Debug|Any CPU
		{D93BF478-999A-4D19-9CFE-34F764F49A19}.Release|Any CPU.ActiveCfg = Release|Any CPU
		{D93BF478-999A-4D19-9CFE-34F764F49A19}.Release|Any CPU.Build.0 = Release|Any CPU
	EndGlobalSection
	GlobalSection(SolutionProperties) = preSolution
		HideSolutionNode = FALSE
	EndGlobalSection
	GlobalSection(ExtensibilityGlobals) = postSolution
		SolutionGuid = {75FEE07A-E601-4A1B-81EF-B3870AD77E7F}
	EndGlobalSection
EndGlobal
